// !$*UTF8*$!
{
	archiveVersion = 1;
	classes = {
	};
	objectVersion = 46;
	objects = {

/* Begin PBXBuildFile section */
		4DB1395C1B5C217400078D7F /* APIController.swift in Sources */ = {isa = PBXBuildFile; fileRef = 4DB1395B1B5C217400078D7F /* APIController.swift */; };
		4DB1395E1B5C57B500078D7F /* Blank52.png in Resources */ = {isa = PBXBuildFile; fileRef = 4DB1395D1B5C57B500078D7F /* Blank52.png */; };
		4DB139601B5D932E00078D7F /* Background.jpg in Resources */ = {isa = PBXBuildFile; fileRef = 4DB1395F1B5D932E00078D7F /* Background.jpg */; };
		4DB139621B5D961B00078D7F /* Album.swift in Sources */ = {isa = PBXBuildFile; fileRef = 4DB139611B5D961B00078D7F /* Album.swift */; };
		4DB139641B5EDC1800078D7F /* DetailsViewController.swift in Sources */ = {isa = PBXBuildFile; fileRef = 4DB139631B5EDC1800078D7F /* DetailsViewController.swift */; };
		4DE2C96D1B5AEB980065E80B /* AppDelegate.swift in Sources */ = {isa = PBXBuildFile; fileRef = 4DE2C96C1B5AEB980065E80B /* AppDelegate.swift */; };
		4DE2C96F1B5AEB980065E80B /* SearchResultsViewController.swift in Sources */ = {isa = PBXBuildFile; fileRef = 4DE2C96E1B5AEB980065E80B /* SearchResultsViewController.swift */; };
		4DE2C9721B5AEB980065E80B /* Main.storyboard in Resources */ = {isa = PBXBuildFile; fileRef = 4DE2C9701B5AEB980065E80B /* Main.storyboard */; };
		4DE2C9741B5AEB980065E80B /* Images.xcassets in Resources */ = {isa = PBXBuildFile; fileRef = 4DE2C9731B5AEB980065E80B /* Images.xcassets */; };
		4DE2C9771B5AEB980065E80B /* LaunchScreen.xib in Resources */ = {isa = PBXBuildFile; fileRef = 4DE2C9751B5AEB980065E80B /* LaunchScreen.xib */; };
		4DE2C9831B5AEB980065E80B /* itunesinteractionTests.swift in Sources */ = {isa = PBXBuildFile; fileRef = 4DE2C9821B5AEB980065E80B /* itunesinteractionTests.swift */; };
/* End PBXBuildFile section */

/* Begin PBXContainerItemProxy section */
		4DE2C97D1B5AEB980065E80B /* PBXContainerItemProxy */ = {
			isa = PBXContainerItemProxy;
			containerPortal = 4DE2C95F1B5AEB980065E80B /* Project object */;
			proxyType = 1;
			remoteGlobalIDString = 4DE2C9661B5AEB980065E80B;
			remoteInfo = itunesinteraction;
		};
/* End PBXContainerItemProxy section */

/* Begin PBXFileReference section */
		4DB1395B1B5C217400078D7F /* APIController.swift */ = {isa = PBXFileReference; fileEncoding = 4; lastKnownFileType = sourcecode.swift; name = APIController.swift; path = ../APIController.swift; sourceTree = "<group>"; };
		4DB1395D1B5C57B500078D7F /* Blank52.png */ = {isa = PBXFileReference; lastKnownFileType = image.png; name = Blank52.png; path = "../../Swift-Tutorial/MusicPlayer/Blank52.png"; sourceTree = "<group>"; };
		4DB1395F1B5D932E00078D7F /* Background.jpg */ = {isa = PBXFileReference; lastKnownFileType = image.jpeg; name = Background.jpg; path = ../../../../Downloads/Background.jpg; sourceTree = "<group>"; };
		4DB139611B5D961B00078D7F /* Album.swift */ = {isa = PBXFileReference; fileEncoding = 4; lastKnownFileType = sourcecode.swift; path = Album.swift; sourceTree = "<group>"; };
		4DB139631B5EDC1800078D7F /* DetailsViewController.swift */ = {isa = PBXFileReference; fileEncoding = 4; lastKnownFileType = sourcecode.swift; path = DetailsViewController.swift; sourceTree = "<group>"; };
		4DE2C9671B5AEB980065E80B /* itunesinteraction.app */ = {isa = PBXFileReference; explicitFileType = wrapper.application; includeInIndex = 0; path = itunesinteraction.app; sourceTree = BUILT_PRODUCTS_DIR; };
		4DE2C96B1B5AEB980065E80B /* Info.plist */ = {isa = PBXFileReference; lastKnownFileType = text.plist.xml; path = Info.plist; sourceTree = "<group>"; };
		4DE2C96C1B5AEB980065E80B /* AppDelegate.swift */ = {isa = PBXFileReference; lastKnownFileType = sourcecode.swift; path = AppDelegate.swift; sourceTree = "<group>"; };
		4DE2C96E1B5AEB980065E80B /* SearchResultsViewController.swift */ = {isa = PBXFileReference; lastKnownFileType = sourcecode.swift; path = SearchResultsViewController.swift; sourceTree = "<group>"; };
		4DE2C9711B5AEB980065E80B /* Base */ = {isa = PBXFileReference; lastKnownFileType = file.storyboard; name = Base; path = Base.lproj/Main.storyboard; sourceTree = "<group>"; };
		4DE2C9731B5AEB980065E80B /* Images.xcassets */ = {isa = PBXFileReference; lastKnownFileType = folder.assetcatalog; path = Images.xcassets; sourceTree = "<group>"; };
		4DE2C9761B5AEB980065E80B /* Base */ = {isa = PBXFileReference; lastKnownFileType = file.xib; name = Base; path = Base.lproj/LaunchScreen.xib; sourceTree = "<group>"; };
		4DE2C97C1B5AEB980065E80B /* itunesinteractionTests.xctest */ = {isa = PBXFileReference; explicitFileType = wrapper.cfbundle; includeInIndex = 0; path = itunesinteractionTests.xctest; sourceTree = BUILT_PRODUCTS_DIR; };
		4DE2C9811B5AEB980065E80B /* Info.plist */ = {isa = PBXFileReference; lastKnownFileType = text.plist.xml; path = Info.plist; sourceTree = "<group>"; };
		4DE2C9821B5AEB980065E80B /* itunesinteractionTests.swift */ = {isa = PBXFileReference; lastKnownFileType = sourcecode.swift; path = itunesinteractionTests.swift; sourceTree = "<group>"; };
/* End PBXFileReference section */

/* Begin PBXFrameworksBuildPhase section */
		4DE2C9641B5AEB980065E80B /* Frameworks */ = {
			isa = PBXFrameworksBuildPhase;
			buildActionMask = 2147483647;
			files = (
			);
			runOnlyForDeploymentPostprocessing = 0;
		};
		4DE2C9791B5AEB980065E80B /* Frameworks */ = {
			isa = PBXFrameworksBuildPhase;
			buildActionMask = 2147483647;
			files = (
			);
			runOnlyForDeploymentPostprocessing = 0;
		};
/* End PBXFrameworksBuildPhase section */

/* Begin PBXGroup section */
		4DE2C95E1B5AEB980065E80B = {
			isa = PBXGroup;
			children = (
				4DE2C9691B5AEB980065E80B /* itunesinteraction */,
				4DE2C97F1B5AEB980065E80B /* itunesinteractionTests */,
				4DE2C9681B5AEB980065E80B /* Products */,
			);
			sourceTree = "<group>";
		};
		4DE2C9681B5AEB980065E80B /* Products */ = {
			isa = PBXGroup;
			children = (
				4DE2C9671B5AEB980065E80B /* itunesinteraction.app */,
				4DE2C97C1B5AEB980065E80B /* itunesinteractionTests.xctest */,
			);
			name = Products;
			sourceTree = "<group>";
		};
		4DE2C9691B5AEB980065E80B /* itunesinteraction */ = {
			isa = PBXGroup;
			children = (
				4DB139611B5D961B00078D7F /* Album.swift */,
				4DB1395B1B5C217400078D7F /* APIController.swift */,
				4DE2C96C1B5AEB980065E80B /* AppDelegate.swift */,
				4DB139631B5EDC1800078D7F /* DetailsViewController.swift */,
				4DE2C96E1B5AEB980065E80B /* SearchResultsViewController.swift */,
				4DB1395D1B5C57B500078D7F /* Blank52.png */,
				4DB1395F1B5D932E00078D7F /* Background.jpg */,
				4DE2C9701B5AEB980065E80B /* Main.storyboard */,
				4DE2C9751B5AEB980065E80B /* LaunchScreen.xib */,
				4DE2C9731B5AEB980065E80B /* Images.xcassets */,
				4DE2C96A1B5AEB980065E80B /* Supporting Files */,
			);
			path = itunesinteraction;
			sourceTree = "<group>";
		};
		4DE2C96A1B5AEB980065E80B /* Supporting Files */ = {
			isa = PBXGroup;
			children = (
				4DE2C96B1B5AEB980065E80B /* Info.plist */,
			);
			name = "Supporting Files";
			sourceTree = "<group>";
		};
		4DE2C97F1B5AEB980065E80B /* itunesinteractionTests */ = {
			isa = PBXGroup;
			children = (
				4DE2C9821B5AEB980065E80B /* itunesinteractionTests.swift */,
				4DE2C9801B5AEB980065E80B /* Supporting Files */,
			);
			path = itunesinteractionTests;
			sourceTree = "<group>";
		};
		4DE2C9801B5AEB980065E80B /* Supporting Files */ = {
			isa = PBXGroup;
			children = (
				4DE2C9811B5AEB980065E80B /* Info.plist */,
			);
			name = "Supporting Files";
			sourceTree = "<group>";
		};
/* End PBXGroup section */

/* Begin PBXNativeTarget section */
		4DE2C9661B5AEB980065E80B /* itunesinteraction */ = {
			isa = PBXNativeTarget;
			buildConfigurationList = 4DE2C9861B5AEB980065E80B /* Build configuration list for PBXNativeTarget "itunesinteraction" */;
			buildPhases = (
				4DE2C9631B5AEB980065E80B /* Sources */,
				4DE2C9641B5AEB980065E80B /* Frameworks */,
				4DE2C9651B5AEB980065E80B /* Resources */,
			);
			buildRules = (
			);
			dependencies = (
			);
			name = itunesinteraction;
			productName = itunesinteraction;
			productReference = 4DE2C9671B5AEB980065E80B /* itunesinteraction.app */;
			productType = "com.apple.product-type.application";
		};
		4DE2C97B1B5AEB980065E80B /* itunesinteractionTests */ = {
			isa = PBXNativeTarget;
			buildConfigurationList = 4DE2C9891B5AEB980065E80B /* Build configuration list for PBXNativeTarget "itunesinteractionTests" */;
			buildPhases = (
				4DE2C9781B5AEB980065E80B /* Sources */,
				4DE2C9791B5AEB980065E80B /* Frameworks */,
				4DE2C97A1B5AEB980065E80B /* Resources */,
			);
			buildRules = (
			);
			dependencies = (
				4DE2C97E1B5AEB980065E80B /* PBXTargetDependency */,
			);
			name = itunesinteractionTests;
			productName = itunesinteractionTests;
			productReference = 4DE2C97C1B5AEB980065E80B /* itunesinteractionTests.xctest */;
			productType = "com.apple.product-type.bundle.unit-test";
		};
/* End PBXNativeTarget section */

/* Begin PBXProject section */
		4DE2C95F1B5AEB980065E80B /* Project object */ = {
			isa = PBXProject;
			attributes = {
				LastUpgradeCheck = 0640;
				ORGANIZATIONNAME = "Laurent Philibert";
				TargetAttributes = {
					4DE2C9661B5AEB980065E80B = {
						CreatedOnToolsVersion = 6.4;
					};
					4DE2C97B1B5AEB980065E80B = {
						CreatedOnToolsVersion = 6.4;
						TestTargetID = 4DE2C9661B5AEB980065E80B;
					};
				};
			};
			buildConfigurationList = 4DE2C9621B5AEB980065E80B /* Build configuration list for PBXProject "itunesinteraction" */;
			compatibilityVersion = "Xcode 3.2";
			developmentRegion = English;
			hasScannedForEncodings = 0;
			knownRegions = (
				en,
				Base,
			);
			mainGroup = 4DE2C95E1B5AEB980065E80B;
			productRefGroup = 4DE2C9681B5AEB980065E80B /* Products */;
			projectDirPath = "";
			projectRoot = "";
			targets = (
				4DE2C9661B5AEB980065E80B /* itunesinteraction */,
				4DE2C97B1B5AEB980065E80B /* itunesinteractionTests */,
			);
		};
/* End PBXProject section */

/* Begin PBXResourcesBuildPhase section */
		4DE2C9651B5AEB980065E80B /* Resources */ = {
			isa = PBXResourcesBuildPhase;
			buildActionMask = 2147483647;
			files = (
				4DE2C9721B5AEB980065E80B /* Main.storyboard in Resources */,
				4DB1395E1B5C57B500078D7F /* Blank52.png in Resources */,
				4DE2C9771B5AEB980065E80B /* LaunchScreen.xib in Resources */,
				4DB139601B5D932E00078D7F /* Background.jpg in Resources */,
				4DE2C9741B5AEB980065E80B /* Images.xcassets in Resources */,
			);
			runOnlyForDeploymentPostprocessing = 0;
		};
		4DE2C97A1B5AEB980065E80B /* Resources */ = {
			isa = PBXResourcesBuildPhase;
			buildActionMask = 2147483647;
			files = (
			);
			runOnlyForDeploymentPostprocessing = 0;
		};
/* End PBXResourcesBuildPhase section */

/* Begin PBXSourcesBuildPhase section */
		4DE2C9631B5AEB980065E80B /* Sources */ = {
			isa = PBXSourcesBuildPhase;
			buildActionMask = 2147483647;
			files = (
				4DE2C96F1B5AEB980065E80B /* SearchResultsViewController.swift in Sources */,
				4DE2C96D1B5AEB980065E80B /* AppDelegate.swift in Sources */,
				4DB1395C1B5C217400078D7F /* APIController.swift in Sources */,
				4DB139621B5D961B00078D7F /* Album.swift in Sources */,
				4DB139641B5EDC1800078D7F /* DetailsViewController.swift in Sources */,
			);
			runOnlyForDeploymentPostprocessing = 0;
		};
		4DE2C9781B5AEB980065E80B /* Sources */ = {
			isa = PBXSourcesBuildPhase;
			buildActionMask = 2147483647;
			files = (
				4DE2C9831B5AEB980065E80B /* itunesinteractionTests.swift in Sources */,
			);
			runOnlyForDeploymentPostprocessing = 0;
		};
/* End PBXSourcesBuildPhase section */

/* Begin PBXTargetDependency section */
		4DE2C97E1B5AEB980065E80B /* PBXTargetDependency */ = {
			isa = PBXTargetDependency;
			target = 4DE2C9661B5AEB980065E80B /* itunesinteraction */;
			targetProxy = 4DE2C97D1B5AEB980065E80B /* PBXContainerItemProxy */;
		};
/* End PBXTargetDependency section */

/* Begin PBXVariantGroup section */
		4DE2C9701B5AEB980065E80B /* Main.storyboard */ = {
			isa = PBXVariantGroup;
			children = (
				4DE2C9711B5AEB980065E80B /* Base */,
			);
			name = Main.storyboard;
			sourceTree = "<group>";
		};
		4DE2C9751B5AEB980065E80B /* LaunchScreen.xib */ = {
			isa = PBXVariantGroup;
			children = (
				4DE2C9761B5AEB980065E80B /* Base */,
			);
			name = LaunchScreen.xib;
			sourceTree = "<group>";
		};
/* End PBXVariantGroup section */

/* Begin XCBuildConfiguration section */
		4DE2C9841B5AEB980065E80B /* Debug */ = {
			isa = XCBuildConfiguration;
			buildSettings = {
				ALWAYS_SEARCH_USER_PATHS = NO;
				CLANG_CXX_LANGUAGE_STANDARD = "gnu++0x";
				CLANG_CXX_LIBRARY = "libc++";
				CLANG_ENABLE_MODULES = YES;
				CLANG_ENABLE_OBJC_ARC = YES;
				CLANG_WARN_BOOL_CONVERSION = YES;
				CLANG_WARN_CONSTANT_CONVERSION = YES;
				CLANG_WARN_DIRECT_OBJC_ISA_USAGE = YES_ERROR;
				CLANG_WARN_EMPTY_BODY = YES;
				CLANG_WARN_ENUM_CONVERSION = YES;
				CLANG_WARN_INT_CONVERSION = YES;
				CLANG_WARN_OBJC_ROOT_CLASS = YES_ERROR;
				CLANG_WARN_UNREACHABLE_CODE = YES;
				CLANG_WARN__DUPLICATE_METHOD_MATCH = YES;
				"CODE_SIGN_IDENTITY[sdk=iphoneos*]" = "iPhone Developer";
				COPY_PHASE_STRIP = NO;
				DEBUG_INFORMATION_FORMAT = "dwarf-with-dsym";
				ENABLE_STRICT_OBJC_MSGSEND = YES;
				GCC_C_LANGUAGE_STANDARD = gnu99;
				GCC_DYNAMIC_NO_PIC = NO;
				GCC_NO_COMMON_BLOCKS = YES;
				GCC_OPTIMIZATION_LEVEL = 0;
				GCC_PREPROCESSOR_DEFINITIONS = (
					"DEBUG=1",
					"$(inherited)",
				);
				GCC_SYMBOLS_PRIVATE_EXTERN = NO;
				GCC_WARN_64_TO_32_BIT_CONVERSION = YES;
				GCC_WARN_ABOUT_RETURN_TYPE = YES_ERROR;
				GCC_WARN_UNDECLARED_SELECTOR = YES;
				GCC_WARN_UNINITIALIZED_AUTOS = YES_AGGRESSIVE;
				GCC_WARN_UNUSED_FUNCTION = YES;
				GCC_WARN_UNUSED_VARIABLE = YES;
				IPHONEOS_DEPLOYMENT_TARGET = 8.4;
				MTL_ENABLE_DEBUG_INFO = YES;
				ONLY_ACTIVE_ARCH = YES;
				SDKROOT = iphoneos;
				SWIFT_OPTIMIZATION_LEVEL = "-Onone";
			};
			name = Debug;
		};
		4DE2C9851B5AEB980065E80B /* Release */ = {
			isa = XCBuildConfiguration;
			buildSettings = {
				ALWAYS_SEARCH_USER_PATHS = NO;
				CLANG_CXX_LANGUAGE_STANDARD = "gnu++0x";
				CLANG_CXX_LIBRARY = "libc++";
				CLANG_ENABLE_MODULES = YES;
				CLANG_ENABLE_OBJC_ARC = YES;
				CLANG_WARN_BOOL_CONVERSION = YES;
				CLANG_WARN_CONSTANT_CONVERSION = YES;
				CLANG_WARN_DIRECT_OBJC_ISA_USAGE = YES_ERROR;
				CLANG_WARN_EMPTY_BODY = YES;
				CLANG_WARN_ENUM_CONVERSION = YES;
				CLANG_WARN_INT_CONVERSION = YES;
				CLANG_WARN_OBJC_ROOT_CLASS = YES_ERROR;
				CLANG_WARN_UNREACHABLE_CODE = YES;
				CLANG_WARN__DUPLICATE_METHOD_MATCH = YES;
				"CODE_SIGN_IDENTITY[sdk=iphoneos*]" = "iPhone Developer";
				COPY_PHASE_STRIP = NO;
				DEBUG_INFORMATION_FORMAT = "dwarf-with-dsym";
				ENABLE_NS_ASSERTIONS = NO;
				ENABLE_STRICT_OBJC_MSGSEND = YES;
				GCC_C_LANGUAGE_STANDARD = gnu99;
				GCC_NO_COMMON_BLOCKS = YES;
				GCC_WARN_64_TO_32_BIT_CONVERSION = YES;
				GCC_WARN_ABOUT_RETURN_TYPE = YES_ERROR;
				GCC_WARN_UNDECLARED_SELECTOR = YES;
				GCC_WARN_UNINITIALIZED_AUTOS = YES_AGGRESSIVE;
				GCC_WARN_UNUSED_FUNCTION = YES;
				GCC_WARN_UNUSED_VARIABLE = YES;
				IPHONEOS_DEPLOYMENT_TARGET = 8.4;
				MTL_ENABLE_DEBUG_INFO = NO;
				SDKROOT = iphoneos;
				VALIDATE_PRODUCT = YES;
			};
			name = Release;
		};
		4DE2C9871B5AEB980065E80B /* Debug */ = {
			isa = XCBuildConfiguration;
			buildSettings = {
				ASSETCATALOG_COMPILER_APPICON_NAME = AppIcon;
				INFOPLIST_FILE = itunesinteraction/Info.plist;
				LD_RUNPATH_SEARCH_PATHS = "$(inherited) @executable_path/Frameworks";
				PRODUCT_NAME = "$(TARGET_NAME)";
			};
			name = Debug;
		};
		4DE2C9881B5AEB980065E80B /* Release */ = {
			isa = XCBuildConfiguration;
			buildSettings = {
				ASSETCATALOG_COMPILER_APPICON_NAME = AppIcon;
				INFOPLIST_FILE = itunesinteraction/Info.plist;
				LD_RUNPATH_SEARCH_PATHS = "$(inherited) @executable_path/Frameworks";
				PRODUCT_NAME = "$(TARGET_NAME)";
			};
			name = Release;
		};
		4DE2C98A1B5AEB980065E80B /* Debug */ = {
			isa = XCBuildConfiguration;
			buildSettings = {
				BUNDLE_LOADER = "$(TEST_HOST)";
				FRAMEWORK_SEARCH_PATHS = (
					"$(SDKROOT)/Developer/Library/Frameworks",
					"$(inherited)",
				);
				GCC_PREPROCESSOR_DEFINITIONS = (
					"DEBUG=1",
					"$(inherited)",
				);
				INFOPLIST_FILE = itunesinteractionTests/Info.plist;
				LD_RUNPATH_SEARCH_PATHS = "$(inherited) @executable_path/Frameworks @loader_path/Frameworks";
				PRODUCT_NAME = "$(TARGET_NAME)";
				TEST_HOST = "$(BUILT_PRODUCTS_DIR)/itunesinteraction.app/itunesinteraction";
			};
			name = Debug;
		};
		4DE2C98B1B5AEB980065E80B /* Release */ = {
			isa = XCBuildConfiguration;
			buildSettings = {
				BUNDLE_LOADER = "$(TEST_HOST)";
				FRAMEWORK_SEARCH_PATHS = (
					"$(SDKROOT)/Developer/Library/Frameworks",
					"$(inherited)",
				);
				INFOPLIST_FILE = itunesinteractionTests/Info.plist;
				LD_RUNPATH_SEARCH_PATHS = "$(inherited) @executable_path/Frameworks @loader_path/Frameworks";
				PRODUCT_NAME = "$(TARGET_NAME)";
				TEST_HOST = "$(BUILT_PRODUCTS_DIR)/itunesinteraction.app/itunesinteraction";
			};
			name = Release;
		};
/* End XCBuildConfiguration section */

/* Begin XCConfigurationList section */
		4DE2C9621B5AEB980065E80B /* Build configuration list for PBXProject "itunesinteraction" */ = {
			isa = XCConfigurationList;
			buildConfigurations = (
				4DE2C9841B5AEB980065E80B /* Debug */,
				4DE2C9851B5AEB980065E80B /* Release */,
			);
			defaultConfigurationIsVisible = 0;
			defaultConfigurationName = Release;
		};
		4DE2C9861B5AEB980065E80B /* Build configuration list for PBXNativeTarget "itunesinteraction" */ = {
			isa = XCConfigurationList;
			buildConfigurations = (
				4DE2C9871B5AEB980065E80B /* Debug */,
				4DE2C9881B5AEB980065E80B /* Release */,
			);
			defaultConfigurationIsVisible = 0;
			defaultConfigurationName = Release;
		};
		4DE2C9891B5AEB980065E80B /* Build configuration list for PBXNativeTarget "itunesinteractionTests" */ = {
			isa = XCConfigurationList;
			buildConfigurations = (
				4DE2C98A1B5AEB980065E80B /* Debug */,
				4DE2C98B1B5AEB980065E80B /* Release */,
			);
			defaultConfigurationIsVisible = 0;
			defaultConfigurationName = Release;
		};
/* End XCConfigurationList section */
	};
	rootObject = 4DE2C95F1B5AEB980065E80B /* Project object */;
}
